{
    "_meta": {
        "hash": {
            "sha256": "0f330381f98985272957c617bfd4410de12ac5deb3a14ab97480870069473945"
        },
        "requires": {},
        "sources": [
            {
                "url": "https://pypi.python.org/simple",
                "verify_ssl": true
            }
        ]
    },
    "default": {
        "certifi": {
            "version": "==2017.7.27.1"
        },
        "chardet": {
            "version": "==3.0.4"
        },
        "configparser": {
            "version": "==3.5.0"
        },
        "idna": {
            "version": "==2.6"
        },
        "requests": {
            "version": "==2.18.4"
        },
        "urllib3": {
            "version": "==1.22"
        },
        "youtube-dl": {
            "version": "==2017.9.15"
        }
    },
    "develop": {}
}
